
Microsoft Visual Studio Solution File, Format Version 12.00
# Visual Studio Version 16
VisualStudioVersion = 16.0.30717.126
MinimumVisualStudioVersion = 10.0.40219.1
Project("{FAE04EC0-301F-11D3-BF4B-00C04F79EFBC}") = "Helper.Microservice", "Helper.Microservice.csproj", "{4C2CC402-F3C1-4731-BC7D-EADD38CE8B3C}"
EndProject
Global
	GlobalSection(SolutionConfigurationPlatforms) = preSolution
		Debug|Any CPU = Debug|Any CPU
		Release|Any CPU = Release|Any CPU
	EndGlobalSection
	GlobalSection(ProjectConfigurationPlatforms) = postSolution
		{4C2CC402-F3C1-4731-BC7D-EADD38CE8B3C}.Debug|Any CPU.ActiveCfg = Debug|Any CPU
		{4C2CC402-F3C1-4731-BC7D-EADD38CE8B3C}.Debug|Any CPU.Build.0 = Debug|Any CPU
		{4C2CC402-F3C1-4731-BC7D-EADD38CE8B3C}.Release|Any CPU.ActiveCfg = Release|Any CPU
		{4C2CC402-F3C1-4731-BC7D-EADD38CE8B3C}.Release|Any CPU.Build.0 = Release|Any CPU
	EndGlobalSection
	GlobalSection(SolutionProperties) = preSolution
		HideSolutionNode = FALSE
	EndGlobalSection
	GlobalSection(ExtensibilityGlobals) = postSolution
		SolutionGuid = {38D35C3C-19D3-4F25-9956-20BC13AF25C8}
	EndGlobalSection
EndGlobal
